
Microsoft Visual Studio Solution File, Format Version 12.00
# Visual Studio 15
VisualStudioVersion = 15.0.27428.2037
MinimumVisualStudioVersion = 10.0.40219.1
Project("{FAE04EC0-301F-11D3-BF4B-00C04F79EFBC}") = "Data", "Data\Data.csproj", "{09985FE9-20AB-4F17-B5B3-7B135340A663}"
EndProject
Project("{FAE04EC0-301F-11D3-BF4B-00C04F79EFBC}") = "CprRegister", "CprRegister\CprRegister.csproj", "{06D2039C-AEE3-45BC-AA92-434DC8DD85E9}"
EndProject
Project("{FAE04EC0-301F-11D3-BF4B-00C04F79EFBC}") = "EuccidRegister", "EuccidRegister\EuccidRegister.csproj", "{47EB17DF-AF7E-4EAC-93E4-EB5695232C4F}"
EndProject
Project("{FAE04EC0-301F-11D3-BF4B-00C04F79EFBC}") = "Tests", "Tests\Tests.csproj", "{C63C6109-E3B6-4EAF-8132-D357EBFDFB00}"
EndProject
Global
	GlobalSection(SolutionConfigurationPlatforms) = preSolution
		Debug|Any CPU = Debug|Any CPU
		Release|Any CPU = Release|Any CPU
	EndGlobalSection
	GlobalSection(ProjectConfigurationPlatforms) = postSolution
		{09985FE9-20AB-4F17-B5B3-7B135340A663}.Debug|Any CPU.ActiveCfg = Debug|Any CPU
		{09985FE9-20AB-4F17-B5B3-7B135340A663}.Debug|Any CPU.Build.0 = Debug|Any CPU
		{09985FE9-20AB-4F17-B5B3-7B135340A663}.Release|Any CPU.ActiveCfg = Release|Any CPU
		{09985FE9-20AB-4F17-B5B3-7B135340A663}.Release|Any CPU.Build.0 = Release|Any CPU
		{06D2039C-AEE3-45BC-AA92-434DC8DD85E9}.Debug|Any CPU.ActiveCfg = Debug|Any CPU
		{06D2039C-AEE3-45BC-AA92-434DC8DD85E9}.Debug|Any CPU.Build.0 = Debug|Any CPU
		{06D2039C-AEE3-45BC-AA92-434DC8DD85E9}.Release|Any CPU.ActiveCfg = Release|Any CPU
		{06D2039C-AEE3-45BC-AA92-434DC8DD85E9}.Release|Any CPU.Build.0 = Release|Any CPU
		{47EB17DF-AF7E-4EAC-93E4-EB5695232C4F}.Debug|Any CPU.ActiveCfg = Debug|Any CPU
		{47EB17DF-AF7E-4EAC-93E4-EB5695232C4F}.Debug|Any CPU.Build.0 = Debug|Any CPU
		{47EB17DF-AF7E-4EAC-93E4-EB5695232C4F}.Release|Any CPU.ActiveCfg = Release|Any CPU
		{47EB17DF-AF7E-4EAC-93E4-EB5695232C4F}.Release|Any CPU.Build.0 = Release|Any CPU
		{C63C6109-E3B6-4EAF-8132-D357EBFDFB00}.Debug|Any CPU.ActiveCfg = Debug|Any CPU
		{C63C6109-E3B6-4EAF-8132-D357EBFDFB00}.Debug|Any CPU.Build.0 = Debug|Any CPU
		{C63C6109-E3B6-4EAF-8132-D357EBFDFB00}.Release|Any CPU.ActiveCfg = Release|Any CPU
		{C63C6109-E3B6-4EAF-8132-D357EBFDFB00}.Release|Any CPU.Build.0 = Release|Any CPU
	EndGlobalSection
	GlobalSection(SolutionProperties) = preSolution
		HideSolutionNode = FALSE
	EndGlobalSection
	GlobalSection(ExtensibilityGlobals) = postSolution
		SolutionGuid = {0B2650AE-EF16-4EB8-B549-05695DC7FC2A}
	EndGlobalSection
EndGlobal
